<?xml version="1.0" encoding="UTF-8" standalone="yes" ?>
<CodeBlocks_project_file>
	<FileVersion major="1" minor="6" />
	<Project>
		<Option title="TRABALHO_PO" />
		<Option pch_mode="2" />
		<Option compiler="gcc" />
		<Build>
			<Script file="lib_finder.script" />
			<Target title="Debug">
				<Option output="./TRABALHO_PO" prefix_auto="1" extension_auto="1" />
				<Option object_output="obj/Debug/" />
				<Option type="1" />
				<Option compiler="gcc" />
				<Option parameters="INSTANCIAS/14i-9-st70-14.txt 0" />
				<Compiler>
					<Add option="-g" />
				</Compiler>
			</Target>
			<Target title="Release">
				<Option output="./TRABALHO_PO" prefix_auto="1" extension_auto="1" />
				<Option object_output="obj/Release/" />
				<Option type="1" />
				<Option compiler="gcc" />
				<Compiler>
					<Add option="-O2" />
				</Compiler>
				<Linker>
					<Add option="-s" />
				</Linker>
			</Target>
		</Build>
		<Compiler>
			<Add option="-Wall" />
			<Add option="-fexceptions" />
		</Compiler>
		<Unit filename="BuscaLocal.cpp" />
		<Unit filename="BuscaLocal.h" />
		<Unit filename="ClusterInstancia.cpp" />
		<Unit filename="ClusterInstancia.h" />
		<Unit filename="PesquisaOperacional.cpp" />
		<Unit filename="PesquisaOperacional.h" />
		<Unit filename="Programa.cpp" />
		<Unit filename="Programa.h" />
		<Unit filename="SimplexSolver.cpp" />
		<Unit filename="SimplexSolver.h" />
		<Unit filename="Tabu.cpp" />
		<Unit filename="Tabu.h" />
		<Unit filename="Vertice.cpp" />
		<Unit filename="Vertice.h" />
		<Unit filename="main.cpp" />
		<Extensions>
			<code_completion />
			<debugger />
			<envvars />
		</Extensions>
	</Project>
</CodeBlocks_project_file>
